// !$*UTF8*$!
{
	archiveVersion = 1;
	classes = {
	};
	objectVersion = 56;
	objects = {

/* Begin PBXBuildFile section */
		941D2B6B2CE4E8B400A78E18 /* EduAUVICWANTPre-Regular.ttf in Resources */ = {isa = PBXBuildFile; fileRef = 941D2B6A2CE4E8B400A78E18 /* EduAUVICWANTPre-Regular.ttf */; };
		941D2B6F2CE62C3900A78E18 /* HomeView.swift in Sources */ = {isa = PBXBuildFile; fileRef = 941D2B6E2CE62C3900A78E18 /* HomeView.swift */; };
		947B57F82CD7E41F00D3EE60 /* TrendzyApp.swift in Sources */ = {isa = PBXBuildFile; fileRef = 947B57F72CD7E41F00D3EE60 /* TrendzyApp.swift */; };
		947B57FA2CD7E41F00D3EE60 /* ProductsListPage.swift in Sources */ = {isa = PBXBuildFile; fileRef = 947B57F92CD7E41F00D3EE60 /* ProductsListPage.swift */; };
		947B57FC2CD7E42300D3EE60 /* Assets.xcassets in Resources */ = {isa = PBXBuildFile; fileRef = 947B57FB2CD7E42300D3EE60 /* Assets.xcassets */; };
		947B57FF2CD7E42300D3EE60 /* Preview Assets.xcassets in Resources */ = {isa = PBXBuildFile; fileRef = 947B57FE2CD7E42300D3EE60 /* Preview Assets.xcassets */; };
		947B58062CD7EC4200D3EE60 /* ProductsListPageViewModel.swift in Sources */ = {isa = PBXBuildFile; fileRef = 947B58052CD7EC4200D3EE60 /* ProductsListPageViewModel.swift */; };
		947B580A2CD7ED2000D3EE60 /* CodableProductModel.swift in Sources */ = {isa = PBXBuildFile; fileRef = 947B58092CD7ED1F00D3EE60 /* CodableProductModel.swift */; };
		947B580D2CD7ED5D00D3EE60 /* NetworkingService in Frameworks */ = {isa = PBXBuildFile; productRef = 947B580C2CD7ED5D00D3EE60 /* NetworkingService */; };
		947B58102CD802CA00D3EE60 /* ScrollableListView.swift in Sources */ = {isa = PBXBuildFile; fileRef = 947B580F2CD802CA00D3EE60 /* ScrollableListView.swift */; };
		949EFB282CE7894600473F34 /* AddToShoppingBagButton.swift in Sources */ = {isa = PBXBuildFile; fileRef = 949EFB272CE7894600473F34 /* AddToShoppingBagButton.swift */; };
		949EFB2C2CE790B000473F34 /* FavouritesPage.swift in Sources */ = {isa = PBXBuildFile; fileRef = 949EFB2B2CE790B000473F34 /* FavouritesPage.swift */; };
		949EFB2E2CE7911D00473F34 /* FavouritesPageViewModel.swift in Sources */ = {isa = PBXBuildFile; fileRef = 949EFB2D2CE7911D00473F34 /* FavouritesPageViewModel.swift */; };
		949EFB302CE7A2BD00473F34 /* FavouritesPageModel.swift in Sources */ = {isa = PBXBuildFile; fileRef = 949EFB2F2CE7A2BD00473F34 /* FavouritesPageModel.swift */; };
		949EFB322CE7BFC800473F34 /* Categories.swift in Sources */ = {isa = PBXBuildFile; fileRef = 949EFB312CE7BFC800473F34 /* Categories.swift */; };
		949EFB362CE7CFFB00473F34 /* ProfilePage.swift in Sources */ = {isa = PBXBuildFile; fileRef = 949EFB352CE7CFFB00473F34 /* ProfilePage.swift */; };
		949EFB3A2CEF525600473F34 /* RegistrationScreen.swift in Sources */ = {isa = PBXBuildFile; fileRef = 949EFB392CEF525600473F34 /* RegistrationScreen.swift */; };
		949EFB3C2CEF532500473F34 /* AuthenticationScreen.swift in Sources */ = {isa = PBXBuildFile; fileRef = 949EFB3B2CEF532500473F34 /* AuthenticationScreen.swift */; };
		949EFB3E2CEF547200473F34 /* LoginScreen.swift in Sources */ = {isa = PBXBuildFile; fileRef = 949EFB3D2CEF547200473F34 /* LoginScreen.swift */; };
		949EFB402CEF57C400473F34 /* PasswordView.swift in Sources */ = {isa = PBXBuildFile; fileRef = 949EFB3F2CEF57C400473F34 /* PasswordView.swift */; };
		94B0A43B2CF26E9300A58A10 /* PasswordValidation.swift in Sources */ = {isa = PBXBuildFile; fileRef = 94B0A43A2CF26E9300A58A10 /* PasswordValidation.swift */; };
		94B0A43D2CF4BE7500A58A10 /* EmailView.swift in Sources */ = {isa = PBXBuildFile; fileRef = 94B0A43C2CF4BE7500A58A10 /* EmailView.swift */; };
		94F0CC1F2CF4D02500639EEF /* GoogleService-Info.plist in Resources */ = {isa = PBXBuildFile; fileRef = 94F0CC1E2CF4D02500639EEF /* GoogleService-Info.plist */; };
		94F0CC222CF4ECA600639EEF /* FirebaseAuth in Frameworks */ = {isa = PBXBuildFile; productRef = 94F0CC212CF4ECA600639EEF /* FirebaseAuth */; };
		94F0CC242CF4ECA600639EEF /* FirebaseCore in Frameworks */ = {isa = PBXBuildFile; productRef = 94F0CC232CF4ECA600639EEF /* FirebaseCore */; };
		94F0CC262CF4ECA600639EEF /* FirebaseFirestore in Frameworks */ = {isa = PBXBuildFile; productRef = 94F0CC252CF4ECA600639EEF /* FirebaseFirestore */; };
		94F0CC2A2CF4F21700639EEF /* AuthenticationViewModel.swift in Sources */ = {isa = PBXBuildFile; fileRef = 94F0CC292CF4F21700639EEF /* AuthenticationViewModel.swift */; };
		94F0CC2D2CF4F49200639EEF /* User.swift in Sources */ = {isa = PBXBuildFile; fileRef = 94F0CC2C2CF4F49200639EEF /* User.swift */; };
		94F0CC2F2CF63E1000639EEF /* ProfilePageViewModel.swift in Sources */ = {isa = PBXBuildFile; fileRef = 94F0CC2E2CF63E1000639EEF /* ProfilePageViewModel.swift */; };
		94FE492B2CDBBE9300DB8602 /* ShoppingBag.swift in Sources */ = {isa = PBXBuildFile; fileRef = 94FE492A2CDBBE9300DB8602 /* ShoppingBag.swift */; };
		94FE492E2CDD616700DB8602 /* ShoppingBagModel.swift in Sources */ = {isa = PBXBuildFile; fileRef = 94FE492D2CDD616700DB8602 /* ShoppingBagModel.swift */; };
		94FE49302CDD61CF00DB8602 /* ShoppingBagViewModel.swift in Sources */ = {isa = PBXBuildFile; fileRef = 94FE492F2CDD61CF00DB8602 /* ShoppingBagViewModel.swift */; };
		94FE49332CDE3E7B00DB8602 /* TabViewContainer.swift in Sources */ = {isa = PBXBuildFile; fileRef = 94FE49322CDE3E7B00DB8602 /* TabViewContainer.swift */; };
		94FE49352CDF979F00DB8602 /* HeartButton.swift in Sources */ = {isa = PBXBuildFile; fileRef = 94FE49342CDF979F00DB8602 /* HeartButton.swift */; };
		94FE49392CE240AB00DB8602 /* ProductDetailView.swift in Sources */ = {isa = PBXBuildFile; fileRef = 94FE49382CE240AB00DB8602 /* ProductDetailView.swift */; };
/* End PBXBuildFile section */

/* Begin PBXFileReference section */
		941D2B6A2CE4E8B400A78E18 /* EduAUVICWANTPre-Regular.ttf */ = {isa = PBXFileReference; lastKnownFileType = file; path = "EduAUVICWANTPre-Regular.ttf"; sourceTree = "<group>"; };
		941D2B6C2CE4E9FC00A78E18 /* Info.plist */ = {isa = PBXFileReference; lastKnownFileType = text.plist; path = Info.plist; sourceTree = "<group>"; };
		941D2B6E2CE62C3900A78E18 /* HomeView.swift */ = {isa = PBXFileReference; lastKnownFileType = sourcecode.swift; path = HomeView.swift; sourceTree = "<group>"; };
		947B57F42CD7E41F00D3EE60 /* Trendzy.app */ = {isa = PBXFileReference; explicitFileType = wrapper.application; includeInIndex = 0; path = Trendzy.app; sourceTree = BUILT_PRODUCTS_DIR; };
		947B57F72CD7E41F00D3EE60 /* TrendzyApp.swift */ = {isa = PBXFileReference; lastKnownFileType = sourcecode.swift; path = TrendzyApp.swift; sourceTree = "<group>"; };
		947B57F92CD7E41F00D3EE60 /* ProductsListPage.swift */ = {isa = PBXFileReference; lastKnownFileType = sourcecode.swift; path = ProductsListPage.swift; sourceTree = "<group>"; };
		947B57FB2CD7E42300D3EE60 /* Assets.xcassets */ = {isa = PBXFileReference; lastKnownFileType = folder.assetcatalog; path = Assets.xcassets; sourceTree = "<group>"; };
		947B57FE2CD7E42300D3EE60 /* Preview Assets.xcassets */ = {isa = PBXFileReference; lastKnownFileType = folder.assetcatalog; path = "Preview Assets.xcassets"; sourceTree = "<group>"; };
		947B58052CD7EC4200D3EE60 /* ProductsListPageViewModel.swift */ = {isa = PBXFileReference; lastKnownFileType = sourcecode.swift; path = ProductsListPageViewModel.swift; sourceTree = "<group>"; };
		947B58092CD7ED1F00D3EE60 /* CodableProductModel.swift */ = {isa = PBXFileReference; lastKnownFileType = sourcecode.swift; path = CodableProductModel.swift; sourceTree = "<group>"; };
		947B580F2CD802CA00D3EE60 /* ScrollableListView.swift */ = {isa = PBXFileReference; lastKnownFileType = sourcecode.swift; path = ScrollableListView.swift; sourceTree = "<group>"; };
		949EFB272CE7894600473F34 /* AddToShoppingBagButton.swift */ = {isa = PBXFileReference; lastKnownFileType = sourcecode.swift; path = AddToShoppingBagButton.swift; sourceTree = "<group>"; };
		949EFB2B2CE790B000473F34 /* FavouritesPage.swift */ = {isa = PBXFileReference; lastKnownFileType = sourcecode.swift; path = FavouritesPage.swift; sourceTree = "<group>"; };
		949EFB2D2CE7911D00473F34 /* FavouritesPageViewModel.swift */ = {isa = PBXFileReference; lastKnownFileType = sourcecode.swift; path = FavouritesPageViewModel.swift; sourceTree = "<group>"; };
		949EFB2F2CE7A2BD00473F34 /* FavouritesPageModel.swift */ = {isa = PBXFileReference; lastKnownFileType = sourcecode.swift; path = FavouritesPageModel.swift; sourceTree = "<group>"; };
		949EFB312CE7BFC800473F34 /* Categories.swift */ = {isa = PBXFileReference; lastKnownFileType = sourcecode.swift; path = Categories.swift; sourceTree = "<group>"; };
		949EFB352CE7CFFB00473F34 /* ProfilePage.swift */ = {isa = PBXFileReference; lastKnownFileType = sourcecode.swift; path = ProfilePage.swift; sourceTree = "<group>"; };
		949EFB392CEF525600473F34 /* RegistrationScreen.swift */ = {isa = PBXFileReference; lastKnownFileType = sourcecode.swift; path = RegistrationScreen.swift; sourceTree = "<group>"; };
		949EFB3B2CEF532500473F34 /* AuthenticationScreen.swift */ = {isa = PBXFileReference; lastKnownFileType = sourcecode.swift; path = AuthenticationScreen.swift; sourceTree = "<group>"; };
		949EFB3D2CEF547200473F34 /* LoginScreen.swift */ = {isa = PBXFileReference; lastKnownFileType = sourcecode.swift; path = LoginScreen.swift; sourceTree = "<group>"; };
		949EFB3F2CEF57C400473F34 /* PasswordView.swift */ = {isa = PBXFileReference; lastKnownFileType = sourcecode.swift; path = PasswordView.swift; sourceTree = "<group>"; };
		94B0A43A2CF26E9300A58A10 /* PasswordValidation.swift */ = {isa = PBXFileReference; lastKnownFileType = sourcecode.swift; path = PasswordValidation.swift; sourceTree = "<group>"; };
		94B0A43C2CF4BE7500A58A10 /* EmailView.swift */ = {isa = PBXFileReference; lastKnownFileType = sourcecode.swift; path = EmailView.swift; sourceTree = "<group>"; };
		94F0CC1E2CF4D02500639EEF /* GoogleService-Info.plist */ = {isa = PBXFileReference; fileEncoding = 4; lastKnownFileType = text.plist.xml; path = "GoogleService-Info.plist"; sourceTree = SOURCE_ROOT; };
		94F0CC292CF4F21700639EEF /* AuthenticationViewModel.swift */ = {isa = PBXFileReference; lastKnownFileType = sourcecode.swift; path = AuthenticationViewModel.swift; sourceTree = "<group>"; };
		94F0CC2C2CF4F49200639EEF /* User.swift */ = {isa = PBXFileReference; lastKnownFileType = sourcecode.swift; path = User.swift; sourceTree = "<group>"; };
		94F0CC2E2CF63E1000639EEF /* ProfilePageViewModel.swift */ = {isa = PBXFileReference; lastKnownFileType = sourcecode.swift; path = ProfilePageViewModel.swift; sourceTree = "<group>"; };
		94FE492A2CDBBE9300DB8602 /* ShoppingBag.swift */ = {isa = PBXFileReference; lastKnownFileType = sourcecode.swift; path = ShoppingBag.swift; sourceTree = "<group>"; };
		94FE492D2CDD616700DB8602 /* ShoppingBagModel.swift */ = {isa = PBXFileReference; lastKnownFileType = sourcecode.swift; path = ShoppingBagModel.swift; sourceTree = "<group>"; };
		94FE492F2CDD61CF00DB8602 /* ShoppingBagViewModel.swift */ = {isa = PBXFileReference; lastKnownFileType = sourcecode.swift; path = ShoppingBagViewModel.swift; sourceTree = "<group>"; };
		94FE49322CDE3E7B00DB8602 /* TabViewContainer.swift */ = {isa = PBXFileReference; lastKnownFileType = sourcecode.swift; path = TabViewContainer.swift; sourceTree = "<group>"; };
		94FE49342CDF979F00DB8602 /* HeartButton.swift */ = {isa = PBXFileReference; lastKnownFileType = sourcecode.swift; path = HeartButton.swift; sourceTree = "<group>"; };
		94FE49382CE240AB00DB8602 /* ProductDetailView.swift */ = {isa = PBXFileReference; lastKnownFileType = sourcecode.swift; path = ProductDetailView.swift; sourceTree = "<group>"; };
/* End PBXFileReference section */

/* Begin PBXFrameworksBuildPhase section */
		947B57F12CD7E41F00D3EE60 /* Frameworks */ = {
			isa = PBXFrameworksBuildPhase;
			buildActionMask = 2147483647;
			files = (
				947B580D2CD7ED5D00D3EE60 /* NetworkingService in Frameworks */,
				94F0CC262CF4ECA600639EEF /* FirebaseFirestore in Frameworks */,
				94F0CC242CF4ECA600639EEF /* FirebaseCore in Frameworks */,
				94F0CC222CF4ECA600639EEF /* FirebaseAuth in Frameworks */,
			);
			runOnlyForDeploymentPostprocessing = 0;
		};
/* End PBXFrameworksBuildPhase section */

/* Begin PBXGroup section */
		941D2B692CE4E82D00A78E18 /* Font */ = {
			isa = PBXGroup;
			children = (
				941D2B6A2CE4E8B400A78E18 /* EduAUVICWANTPre-Regular.ttf */,
			);
			path = Font;
			sourceTree = "<group>";
		};
		941D2B6D2CE62BB700A78E18 /* Views */ = {
			isa = PBXGroup;
			children = (
				94FE49312CDE3E6E00DB8602 /* TabView */,
				949EFB372CEF521F00473F34 /* Authentication */,
				941D2B6E2CE62C3900A78E18 /* HomeView.swift */,
				947B58072CD7EC4600D3EE60 /* ProductsList */,
				949EFB292CE78A5D00473F34 /* FavouritesPage */,
				94FE49292CDBBE7000DB8602 /* ShoppingBag */,
				949EFB332CE7CFB700473F34 /* ProfilePage */,
			);
			path = Views;
			sourceTree = "<group>";
		};
		947B57EB2CD7E41F00D3EE60 = {
			isa = PBXGroup;
			children = (
				947B57F62CD7E41F00D3EE60 /* Trendzy */,
				947B57F52CD7E41F00D3EE60 /* Products */,
			);
			sourceTree = "<group>";
		};
		947B57F52CD7E41F00D3EE60 /* Products */ = {
			isa = PBXGroup;
			children = (
				947B57F42CD7E41F00D3EE60 /* Trendzy.app */,
			);
			name = Products;
			sourceTree = "<group>";
		};
		947B57F62CD7E41F00D3EE60 /* Trendzy */ = {
			isa = PBXGroup;
			children = (
				947B57F72CD7E41F00D3EE60 /* TrendzyApp.swift */,
				941D2B6C2CE4E9FC00A78E18 /* Info.plist */,
				94FE493A2CE240E700DB8602 /* ReusableCompenents */,
				941D2B692CE4E82D00A78E18 /* Font */,
				941D2B6D2CE62BB700A78E18 /* Views */,
				947B58082CD7ECCC00D3EE60 /* Resources */,
				947B57FD2CD7E42300D3EE60 /* Preview Content */,
			);
			path = Trendzy;
			sourceTree = "<group>";
		};
		947B57FD2CD7E42300D3EE60 /* Preview Content */ = {
			isa = PBXGroup;
			children = (
				947B57FE2CD7E42300D3EE60 /* Preview Assets.xcassets */,
			);
			path = "Preview Content";
			sourceTree = "<group>";
		};
		947B58072CD7EC4600D3EE60 /* ProductsList */ = {
			isa = PBXGroup;
			children = (
				94FE493D2CE2414200DB8602 /* ProductModel */,
				94FE493B2CE2411700DB8602 /* ProductsListPage */,
				94FE493C2CE2412300DB8602 /* ProductDetailsPage */,
			);
			path = ProductsList;
			sourceTree = "<group>";
		};
		947B58082CD7ECCC00D3EE60 /* Resources */ = {
			isa = PBXGroup;
			children = (
				947B57FB2CD7E42300D3EE60 /* Assets.xcassets */,
				94F0CC1E2CF4D02500639EEF /* GoogleService-Info.plist */,
			);
			path = Resources;
			sourceTree = "<group>";
		};
		947B580E2CD802B200D3EE60 /* ScrollableListView */ = {
			isa = PBXGroup;
			children = (
				947B580F2CD802CA00D3EE60 /* ScrollableListView.swift */,
			);
			path = ScrollableListView;
			sourceTree = "<group>";
		};
		949EFB292CE78A5D00473F34 /* FavouritesPage */ = {
			isa = PBXGroup;
			children = (
				949EFB2B2CE790B000473F34 /* FavouritesPage.swift */,
				949EFB2F2CE7A2BD00473F34 /* FavouritesPageModel.swift */,
				949EFB2D2CE7911D00473F34 /* FavouritesPageViewModel.swift */,
			);
			path = FavouritesPage;
			sourceTree = "<group>";
		};
		949EFB332CE7CFB700473F34 /* ProfilePage */ = {
			isa = PBXGroup;
			children = (
				949EFB352CE7CFFB00473F34 /* ProfilePage.swift */,
				94F0CC2E2CF63E1000639EEF /* ProfilePageViewModel.swift */,
			);
			path = ProfilePage;
			sourceTree = "<group>";
		};
		949EFB372CEF521F00473F34 /* Authentication */ = {
			isa = PBXGroup;
			children = (
				94F0CC2B2CF4F48400639EEF /* Model */,
				94F0CC282CF4F16800639EEF /* ViewModel */,
				94F0CC272CF4F13D00639EEF /* View */,
			);
			path = Authentication;
			sourceTree = "<group>";
		};
		94F0CC272CF4F13D00639EEF /* View */ = {
			isa = PBXGroup;
			children = (
				949EFB3B2CEF532500473F34 /* AuthenticationScreen.swift */,
				949EFB392CEF525600473F34 /* RegistrationScreen.swift */,
				949EFB3D2CEF547200473F34 /* LoginScreen.swift */,
				949EFB3F2CEF57C400473F34 /* PasswordView.swift */,
				94B0A43A2CF26E9300A58A10 /* PasswordValidation.swift */,
				94B0A43C2CF4BE7500A58A10 /* EmailView.swift */,
			);
			path = View;
			sourceTree = "<group>";
		};
		94F0CC282CF4F16800639EEF /* ViewModel */ = {
			isa = PBXGroup;
			children = (
				94F0CC292CF4F21700639EEF /* AuthenticationViewModel.swift */,
			);
			path = ViewModel;
			sourceTree = "<group>";
		};
		94F0CC2B2CF4F48400639EEF /* Model */ = {
			isa = PBXGroup;
			children = (
				94F0CC2C2CF4F49200639EEF /* User.swift */,
			);
			path = Model;
			sourceTree = "<group>";
		};
		94FE49292CDBBE7000DB8602 /* ShoppingBag */ = {
			isa = PBXGroup;
			children = (
				94FE492A2CDBBE9300DB8602 /* ShoppingBag.swift */,
				94FE492D2CDD616700DB8602 /* ShoppingBagModel.swift */,
				94FE492F2CDD61CF00DB8602 /* ShoppingBagViewModel.swift */,
			);
			path = ShoppingBag;
			sourceTree = "<group>";
		};
		94FE49312CDE3E6E00DB8602 /* TabView */ = {
			isa = PBXGroup;
			children = (
				94FE49322CDE3E7B00DB8602 /* TabViewContainer.swift */,
			);
			path = TabView;
			sourceTree = "<group>";
		};
		94FE493A2CE240E700DB8602 /* ReusableCompenents */ = {
			isa = PBXGroup;
			children = (
				94FE49342CDF979F00DB8602 /* HeartButton.swift */,
				949EFB272CE7894600473F34 /* AddToShoppingBagButton.swift */,
			);
			path = ReusableCompenents;
			sourceTree = "<group>";
		};
		94FE493B2CE2411700DB8602 /* ProductsListPage */ = {
			isa = PBXGroup;
			children = (
				947B57F92CD7E41F00D3EE60 /* ProductsListPage.swift */,
				947B58052CD7EC4200D3EE60 /* ProductsListPageViewModel.swift */,
				947B580E2CD802B200D3EE60 /* ScrollableListView */,
				949EFB312CE7BFC800473F34 /* Categories.swift */,
			);
			path = ProductsListPage;
			sourceTree = "<group>";
		};
		94FE493C2CE2412300DB8602 /* ProductDetailsPage */ = {
			isa = PBXGroup;
			children = (
				94FE49382CE240AB00DB8602 /* ProductDetailView.swift */,
			);
			path = ProductDetailsPage;
			sourceTree = "<group>";
		};
		94FE493D2CE2414200DB8602 /* ProductModel */ = {
			isa = PBXGroup;
			children = (
				947B58092CD7ED1F00D3EE60 /* CodableProductModel.swift */,
			);
			path = ProductModel;
			sourceTree = "<group>";
		};
/* End PBXGroup section */

/* Begin PBXNativeTarget section */
		947B57F32CD7E41F00D3EE60 /* Trendzy */ = {
			isa = PBXNativeTarget;
			buildConfigurationList = 947B58022CD7E42300D3EE60 /* Build configuration list for PBXNativeTarget "Trendzy" */;
			buildPhases = (
				947B57F02CD7E41F00D3EE60 /* Sources */,
				947B57F12CD7E41F00D3EE60 /* Frameworks */,
				947B57F22CD7E41F00D3EE60 /* Resources */,
			);
			buildRules = (
			);
			dependencies = (
			);
			name = Trendzy;
			packageProductDependencies = (
				947B580C2CD7ED5D00D3EE60 /* NetworkingService */,
				94F0CC212CF4ECA600639EEF /* FirebaseAuth */,
				94F0CC232CF4ECA600639EEF /* FirebaseCore */,
				94F0CC252CF4ECA600639EEF /* FirebaseFirestore */,
			);
			productName = Trendzy;
			productReference = 947B57F42CD7E41F00D3EE60 /* Trendzy.app */;
			productType = "com.apple.product-type.application";
		};
/* End PBXNativeTarget section */

/* Begin PBXProject section */
		947B57EC2CD7E41F00D3EE60 /* Project object */ = {
			isa = PBXProject;
			attributes = {
				BuildIndependentTargetsInParallel = 1;
				LastSwiftUpdateCheck = 1540;
				LastUpgradeCheck = 1540;
				TargetAttributes = {
					947B57F32CD7E41F00D3EE60 = {
						CreatedOnToolsVersion = 15.4;
					};
				};
			};
			buildConfigurationList = 947B57EF2CD7E41F00D3EE60 /* Build configuration list for PBXProject "Trendzy" */;
			compatibilityVersion = "Xcode 14.0";
			developmentRegion = en;
			hasScannedForEncodings = 0;
			knownRegions = (
				en,
				Base,
			);
			mainGroup = 947B57EB2CD7E41F00D3EE60;
			packageReferences = (
				947B580B2CD7ED5D00D3EE60 /* XCRemoteSwiftPackageReference "NetworkingService" */,
				94F0CC202CF4ECA600639EEF /* XCRemoteSwiftPackageReference "firebase-ios-sdk" */,
			);
			productRefGroup = 947B57F52CD7E41F00D3EE60 /* Products */;
			projectDirPath = "";
			projectRoot = "";
			targets = (
				947B57F32CD7E41F00D3EE60 /* Trendzy */,
			);
		};
/* End PBXProject section */

/* Begin PBXResourcesBuildPhase section */
		947B57F22CD7E41F00D3EE60 /* Resources */ = {
			isa = PBXResourcesBuildPhase;
			buildActionMask = 2147483647;
			files = (
				947B57FF2CD7E42300D3EE60 /* Preview Assets.xcassets in Resources */,
				94F0CC1F2CF4D02500639EEF /* GoogleService-Info.plist in Resources */,
				941D2B6B2CE4E8B400A78E18 /* EduAUVICWANTPre-Regular.ttf in Resources */,
				947B57FC2CD7E42300D3EE60 /* Assets.xcassets in Resources */,
			);
			runOnlyForDeploymentPostprocessing = 0;
		};
/* End PBXResourcesBuildPhase section */

/* Begin PBXSourcesBuildPhase section */
		947B57F02CD7E41F00D3EE60 /* Sources */ = {
			isa = PBXSourcesBuildPhase;
			buildActionMask = 2147483647;
			files = (
				94F0CC2D2CF4F49200639EEF /* User.swift in Sources */,
				94FE49352CDF979F00DB8602 /* HeartButton.swift in Sources */,
				949EFB402CEF57C400473F34 /* PasswordView.swift in Sources */,
				947B57FA2CD7E41F00D3EE60 /* ProductsListPage.swift in Sources */,
				949EFB282CE7894600473F34 /* AddToShoppingBagButton.swift in Sources */,
				949EFB2E2CE7911D00473F34 /* FavouritesPageViewModel.swift in Sources */,
				949EFB3C2CEF532500473F34 /* AuthenticationScreen.swift in Sources */,
				949EFB322CE7BFC800473F34 /* Categories.swift in Sources */,
				94FE49392CE240AB00DB8602 /* ProductDetailView.swift in Sources */,
				94B0A43B2CF26E9300A58A10 /* PasswordValidation.swift in Sources */,
				947B57F82CD7E41F00D3EE60 /* TrendzyApp.swift in Sources */,
				947B58062CD7EC4200D3EE60 /* ProductsListPageViewModel.swift in Sources */,
				94F0CC2A2CF4F21700639EEF /* AuthenticationViewModel.swift in Sources */,
				94FE49302CDD61CF00DB8602 /* ShoppingBagViewModel.swift in Sources */,
				94F0CC2F2CF63E1000639EEF /* ProfilePageViewModel.swift in Sources */,
				94FE492E2CDD616700DB8602 /* ShoppingBagModel.swift in Sources */,
				949EFB362CE7CFFB00473F34 /* ProfilePage.swift in Sources */,
				949EFB3A2CEF525600473F34 /* RegistrationScreen.swift in Sources */,
				947B580A2CD7ED2000D3EE60 /* CodableProductModel.swift in Sources */,
				949EFB302CE7A2BD00473F34 /* FavouritesPageModel.swift in Sources */,
				947B58102CD802CA00D3EE60 /* ScrollableListView.swift in Sources */,
				94B0A43D2CF4BE7500A58A10 /* EmailView.swift in Sources */,
				941D2B6F2CE62C3900A78E18 /* HomeView.swift in Sources */,
				949EFB3E2CEF547200473F34 /* LoginScreen.swift in Sources */,
				94FE49332CDE3E7B00DB8602 /* TabViewContainer.swift in Sources */,
				94FE492B2CDBBE9300DB8602 /* ShoppingBag.swift in Sources */,
				949EFB2C2CE790B000473F34 /* FavouritesPage.swift in Sources */,
			);
			runOnlyForDeploymentPostprocessing = 0;
		};
/* End PBXSourcesBuildPhase section */

/* Begin XCBuildConfiguration section */
		947B58002CD7E42300D3EE60 /* Debug */ = {
			isa = XCBuildConfiguration;
			buildSettings = {
				ALWAYS_SEARCH_USER_PATHS = NO;
				ASSETCATALOG_COMPILER_GENERATE_SWIFT_ASSET_SYMBOL_EXTENSIONS = YES;
				CLANG_ANALYZER_NONNULL = YES;
				CLANG_ANALYZER_NUMBER_OBJECT_CONVERSION = YES_AGGRESSIVE;
				CLANG_CXX_LANGUAGE_STANDARD = "gnu++20";
				CLANG_ENABLE_MODULES = YES;
				CLANG_ENABLE_OBJC_ARC = YES;
				CLANG_ENABLE_OBJC_WEAK = YES;
				CLANG_WARN_BLOCK_CAPTURE_AUTORELEASING = YES;
				CLANG_WARN_BOOL_CONVERSION = YES;
				CLANG_WARN_COMMA = YES;
				CLANG_WARN_CONSTANT_CONVERSION = YES;
				CLANG_WARN_DEPRECATED_OBJC_IMPLEMENTATIONS = YES;
				CLANG_WARN_DIRECT_OBJC_ISA_USAGE = YES_ERROR;
				CLANG_WARN_DOCUMENTATION_COMMENTS = YES;
				CLANG_WARN_EMPTY_BODY = YES;
				CLANG_WARN_ENUM_CONVERSION = YES;
				CLANG_WARN_INFINITE_RECURSION = YES;
				CLANG_WARN_INT_CONVERSION = YES;
				CLANG_WARN_NON_LITERAL_NULL_CONVERSION = YES;
				CLANG_WARN_OBJC_IMPLICIT_RETAIN_SELF = YES;
				CLANG_WARN_OBJC_LITERAL_CONVERSION = YES;
				CLANG_WARN_OBJC_ROOT_CLASS = YES_ERROR;
				CLANG_WARN_QUOTED_INCLUDE_IN_FRAMEWORK_HEADER = YES;
				CLANG_WARN_RANGE_LOOP_ANALYSIS = YES;
				CLANG_WARN_STRICT_PROTOTYPES = YES;
				CLANG_WARN_SUSPICIOUS_MOVE = YES;
				CLANG_WARN_UNGUARDED_AVAILABILITY = YES_AGGRESSIVE;
				CLANG_WARN_UNREACHABLE_CODE = YES;
				CLANG_WARN__DUPLICATE_METHOD_MATCH = YES;
				COPY_PHASE_STRIP = NO;
				DEBUG_INFORMATION_FORMAT = dwarf;
				ENABLE_STRICT_OBJC_MSGSEND = YES;
				ENABLE_TESTABILITY = YES;
				ENABLE_USER_SCRIPT_SANDBOXING = YES;
				GCC_C_LANGUAGE_STANDARD = gnu17;
				GCC_DYNAMIC_NO_PIC = NO;
				GCC_NO_COMMON_BLOCKS = YES;
				GCC_OPTIMIZATION_LEVEL = 0;
				GCC_PREPROCESSOR_DEFINITIONS = (
					"DEBUG=1",
					"$(inherited)",
				);
				GCC_WARN_64_TO_32_BIT_CONVERSION = YES;
				GCC_WARN_ABOUT_RETURN_TYPE = YES_ERROR;
				GCC_WARN_UNDECLARED_SELECTOR = YES;
				GCC_WARN_UNINITIALIZED_AUTOS = YES_AGGRESSIVE;
				GCC_WARN_UNUSED_FUNCTION = YES;
				GCC_WARN_UNUSED_VARIABLE = YES;
				IPHONEOS_DEPLOYMENT_TARGET = 17.5;
				LOCALIZATION_PREFERS_STRING_CATALOGS = YES;
				MTL_ENABLE_DEBUG_INFO = INCLUDE_SOURCE;
				MTL_FAST_MATH = YES;
				ONLY_ACTIVE_ARCH = YES;
				SDKROOT = iphoneos;
				SWIFT_ACTIVE_COMPILATION_CONDITIONS = "DEBUG $(inherited)";
				SWIFT_OPTIMIZATION_LEVEL = "-Onone";
			};
			name = Debug;
		};
		947B58012CD7E42300D3EE60 /* Release */ = {
			isa = XCBuildConfiguration;
			buildSettings = {
				ALWAYS_SEARCH_USER_PATHS = NO;
				ASSETCATALOG_COMPILER_GENERATE_SWIFT_ASSET_SYMBOL_EXTENSIONS = YES;
				CLANG_ANALYZER_NONNULL = YES;
				CLANG_ANALYZER_NUMBER_OBJECT_CONVERSION = YES_AGGRESSIVE;
				CLANG_CXX_LANGUAGE_STANDARD = "gnu++20";
				CLANG_ENABLE_MODULES = YES;
				CLANG_ENABLE_OBJC_ARC = YES;
				CLANG_ENABLE_OBJC_WEAK = YES;
				CLANG_WARN_BLOCK_CAPTURE_AUTORELEASING = YES;
				CLANG_WARN_BOOL_CONVERSION = YES;
				CLANG_WARN_COMMA = YES;
				CLANG_WARN_CONSTANT_CONVERSION = YES;
				CLANG_WARN_DEPRECATED_OBJC_IMPLEMENTATIONS = YES;
				CLANG_WARN_DIRECT_OBJC_ISA_USAGE = YES_ERROR;
				CLANG_WARN_DOCUMENTATION_COMMENTS = YES;
				CLANG_WARN_EMPTY_BODY = YES;
				CLANG_WARN_ENUM_CONVERSION = YES;
				CLANG_WARN_INFINITE_RECURSION = YES;
				CLANG_WARN_INT_CONVERSION = YES;
				CLANG_WARN_NON_LITERAL_NULL_CONVERSION = YES;
				CLANG_WARN_OBJC_IMPLICIT_RETAIN_SELF = YES;
				CLANG_WARN_OBJC_LITERAL_CONVERSION = YES;
				CLANG_WARN_OBJC_ROOT_CLASS = YES_ERROR;
				CLANG_WARN_QUOTED_INCLUDE_IN_FRAMEWORK_HEADER = YES;
				CLANG_WARN_RANGE_LOOP_ANALYSIS = YES;
				CLANG_WARN_STRICT_PROTOTYPES = YES;
				CLANG_WARN_SUSPICIOUS_MOVE = YES;
				CLANG_WARN_UNGUARDED_AVAILABILITY = YES_AGGRESSIVE;
				CLANG_WARN_UNREACHABLE_CODE = YES;
				CLANG_WARN__DUPLICATE_METHOD_MATCH = YES;
				COPY_PHASE_STRIP = NO;
				DEBUG_INFORMATION_FORMAT = "dwarf-with-dsym";
				ENABLE_NS_ASSERTIONS = NO;
				ENABLE_STRICT_OBJC_MSGSEND = YES;
				ENABLE_USER_SCRIPT_SANDBOXING = YES;
				GCC_C_LANGUAGE_STANDARD = gnu17;
				GCC_NO_COMMON_BLOCKS = YES;
				GCC_WARN_64_TO_32_BIT_CONVERSION = YES;
				GCC_WARN_ABOUT_RETURN_TYPE = YES_ERROR;
				GCC_WARN_UNDECLARED_SELECTOR = YES;
				GCC_WARN_UNINITIALIZED_AUTOS = YES_AGGRESSIVE;
				GCC_WARN_UNUSED_FUNCTION = YES;
				GCC_WARN_UNUSED_VARIABLE = YES;
				IPHONEOS_DEPLOYMENT_TARGET = 17.5;
				LOCALIZATION_PREFERS_STRING_CATALOGS = YES;
				MTL_ENABLE_DEBUG_INFO = NO;
				MTL_FAST_MATH = YES;
				SDKROOT = iphoneos;
				SWIFT_COMPILATION_MODE = wholemodule;
				VALIDATE_PRODUCT = YES;
			};
			name = Release;
		};
		947B58032CD7E42300D3EE60 /* Debug */ = {
			isa = XCBuildConfiguration;
			buildSettings = {
				ASSETCATALOG_COMPILER_APPICON_NAME = AppIcon;
				ASSETCATALOG_COMPILER_GLOBAL_ACCENT_COLOR_NAME = AccentColor;
				CODE_SIGN_STYLE = Automatic;
				CURRENT_PROJECT_VERSION = 1;
				DEVELOPMENT_ASSET_PATHS = "\"Trendzy/Preview Content\"";
				DEVELOPMENT_TEAM = F9KH9L6Y7G;
				ENABLE_PREVIEWS = YES;
				GENERATE_INFOPLIST_FILE = YES;
				INFOPLIST_FILE = Trendzy/Info.plist;
				INFOPLIST_KEY_UIApplicationSceneManifest_Generation = YES;
				INFOPLIST_KEY_UIApplicationSupportsIndirectInputEvents = YES;
				INFOPLIST_KEY_UILaunchScreen_Generation = YES;
				INFOPLIST_KEY_UISupportedInterfaceOrientations_iPad = "UIInterfaceOrientationPortrait UIInterfaceOrientationPortraitUpsideDown UIInterfaceOrientationLandscapeLeft UIInterfaceOrientationLandscapeRight";
				INFOPLIST_KEY_UISupportedInterfaceOrientations_iPhone = "UIInterfaceOrientationPortrait UIInterfaceOrientationLandscapeLeft UIInterfaceOrientationLandscapeRight";
				LD_RUNPATH_SEARCH_PATHS = (
					"$(inherited)",
					"@executable_path/Frameworks",
				);
				MARKETING_VERSION = 1.0;
				PRODUCT_BUNDLE_IDENTIFIER = ge.gvantsa.Trendzy;
				PRODUCT_NAME = "$(TARGET_NAME)";
				SUPPORTED_PLATFORMS = "iphoneos iphonesimulator";
				SUPPORTS_MACCATALYST = NO;
				SUPPORTS_XR_DESIGNED_FOR_IPHONE_IPAD = NO;
				SWIFT_EMIT_LOC_STRINGS = YES;
				SWIFT_VERSION = 5.0;
				TARGETED_DEVICE_FAMILY = "1,2";
			};
			name = Debug;
		};
		947B58042CD7E42300D3EE60 /* Release */ = {
			isa = XCBuildConfiguration;
			buildSettings = {
				ASSETCATALOG_COMPILER_APPICON_NAME = AppIcon;
				ASSETCATALOG_COMPILER_GLOBAL_ACCENT_COLOR_NAME = AccentColor;
				CODE_SIGN_STYLE = Automatic;
				CURRENT_PROJECT_VERSION = 1;
				DEVELOPMENT_ASSET_PATHS = "\"Trendzy/Preview Content\"";
				DEVELOPMENT_TEAM = F9KH9L6Y7G;
				ENABLE_PREVIEWS = YES;
				GENERATE_INFOPLIST_FILE = YES;
				INFOPLIST_FILE = Trendzy/Info.plist;
				INFOPLIST_KEY_UIApplicationSceneManifest_Generation = YES;
				INFOPLIST_KEY_UIApplicationSupportsIndirectInputEvents = YES;
				INFOPLIST_KEY_UILaunchScreen_Generation = YES;
				INFOPLIST_KEY_UISupportedInterfaceOrientations_iPad = "UIInterfaceOrientationPortrait UIInterfaceOrientationPortraitUpsideDown UIInterfaceOrientationLandscapeLeft UIInterfaceOrientationLandscapeRight";
				INFOPLIST_KEY_UISupportedInterfaceOrientations_iPhone = "UIInterfaceOrientationPortrait UIInterfaceOrientationLandscapeLeft UIInterfaceOrientationLandscapeRight";
				LD_RUNPATH_SEARCH_PATHS = (
					"$(inherited)",
					"@executable_path/Frameworks",
				);
				MARKETING_VERSION = 1.0;
				PRODUCT_BUNDLE_IDENTIFIER = ge.gvantsa.Trendzy;
				PRODUCT_NAME = "$(TARGET_NAME)";
				SUPPORTED_PLATFORMS = "iphoneos iphonesimulator";
				SUPPORTS_MACCATALYST = NO;
				SUPPORTS_XR_DESIGNED_FOR_IPHONE_IPAD = NO;
				SWIFT_EMIT_LOC_STRINGS = YES;
				SWIFT_VERSION = 5.0;
				TARGETED_DEVICE_FAMILY = "1,2";
			};
			name = Release;
		};
/* End XCBuildConfiguration section */

/* Begin XCConfigurationList section */
		947B57EF2CD7E41F00D3EE60 /* Build configuration list for PBXProject "Trendzy" */ = {
			isa = XCConfigurationList;
			buildConfigurations = (
				947B58002CD7E42300D3EE60 /* Debug */,
				947B58012CD7E42300D3EE60 /* Release */,
			);
			defaultConfigurationIsVisible = 0;
			defaultConfigurationName = Release;
		};
		947B58022CD7E42300D3EE60 /* Build configuration list for PBXNativeTarget "Trendzy" */ = {
			isa = XCConfigurationList;
			buildConfigurations = (
				947B58032CD7E42300D3EE60 /* Debug */,
				947B58042CD7E42300D3EE60 /* Release */,
			);
			defaultConfigurationIsVisible = 0;
			defaultConfigurationName = Release;
		};
/* End XCConfigurationList section */

/* Begin XCRemoteSwiftPackageReference section */
		947B580B2CD7ED5D00D3EE60 /* XCRemoteSwiftPackageReference "NetworkingService" */ = {
			isa = XCRemoteSwiftPackageReference;
			repositoryURL = "https://github.com/ggvagvalia/NetworkingService.git";
			requirement = {
				branch = main;
				kind = branch;
			};
		};
		94F0CC202CF4ECA600639EEF /* XCRemoteSwiftPackageReference "firebase-ios-sdk" */ = {
			isa = XCRemoteSwiftPackageReference;
			repositoryURL = "https://github.com/firebase/firebase-ios-sdk";
			requirement = {
				kind = upToNextMajorVersion;
				minimumVersion = 11.5.0;
			};
		};
/* End XCRemoteSwiftPackageReference section */

/* Begin XCSwiftPackageProductDependency section */
		947B580C2CD7ED5D00D3EE60 /* NetworkingService */ = {
			isa = XCSwiftPackageProductDependency;
			package = 947B580B2CD7ED5D00D3EE60 /* XCRemoteSwiftPackageReference "NetworkingService" */;
			productName = NetworkingService;
		};
		94F0CC212CF4ECA600639EEF /* FirebaseAuth */ = {
			isa = XCSwiftPackageProductDependency;
			package = 94F0CC202CF4ECA600639EEF /* XCRemoteSwiftPackageReference "firebase-ios-sdk" */;
			productName = FirebaseAuth;
		};
		94F0CC232CF4ECA600639EEF /* FirebaseCore */ = {
			isa = XCSwiftPackageProductDependency;
			package = 94F0CC202CF4ECA600639EEF /* XCRemoteSwiftPackageReference "firebase-ios-sdk" */;
			productName = FirebaseCore;
		};
		94F0CC252CF4ECA600639EEF /* FirebaseFirestore */ = {
			isa = XCSwiftPackageProductDependency;
			package = 94F0CC202CF4ECA600639EEF /* XCRemoteSwiftPackageReference "firebase-ios-sdk" */;
			productName = FirebaseFirestore;
		};
/* End XCSwiftPackageProductDependency section */
	};
	rootObject = 947B57EC2CD7E41F00D3EE60 /* Project object */;
}
